<Solution>
  <Folder Name="/src/">
    <Project Path="src/SpotVideo.Analysis/SpotVideo.Analysis.csproj" />
    <Project Path="src/SpotVideo.Completion/SpotVideo.Completion.csproj" />
    <Project Path="src/SpotVideo.Encoder/SpotVideo.Encoder.csproj" />
    <Project Path="src/SpotVideo.Contracts/SpotVideo.Contracts.csproj" />
    <Project Path="src/SpotVideo.Stitcher/SpotVideo.Stitcher.csproj" />
  </Folder>
</Solution>