<Solution>
  <Folder Name="/src/">
    <Project Path="src/VideoAnalysis/VideoAnalysis.csproj" />
    <Project Path="src/VideoCompletion/VideoCompletion.csproj" />
    <Project Path="src/VideoEncoder/VideoEncoder.csproj" />
    <Project Path="src/VideoContracts/VideoContracts.csproj" />
    <Project Path="src/VideoStitcher/VideoStitcher.csproj" />
  </Folder>
</Solution>